
Microsoft Visual Studio Solution File, Format Version 12.00
# Visual Studio Version 17
VisualStudioVersion = 17.6.33717.318
MinimumVisualStudioVersion = 10.0.40219.1
Project("{9A19103F-16F7-4668-BE54-9A1E7A4F7556}") = "Webhooks", "Webhooks.csproj", "{A7B15240-D242-4617-9A7A-3EBB78AF7EE6}"
EndProject
Global
	GlobalSection(SolutionConfigurationPlatforms) = preSolution
		Debug|Any CPU = Debug|Any CPU
		Release|Any CPU = Release|Any CPU
	EndGlobalSection
	GlobalSection(ProjectConfigurationPlatforms) = postSolution
		{A7B15240-D242-4617-9A7A-3EBB78AF7EE6}.Debug|Any CPU.ActiveCfg = Debug|Any CPU
		{A7B15240-D242-4617-9A7A-3EBB78AF7EE6}.Debug|Any CPU.Build.0 = Debug|Any CPU
		{A7B15240-D242-4617-9A7A-3EBB78AF7EE6}.Release|Any CPU.ActiveCfg = Release|Any CPU
		{A7B15240-D242-4617-9A7A-3EBB78AF7EE6}.Release|Any CPU.Build.0 = Release|Any CPU
	EndGlobalSection
	GlobalSection(SolutionProperties) = preSolution
		HideSolutionNode = FALSE
	EndGlobalSection
	GlobalSection(ExtensibilityGlobals) = postSolution
		SolutionGuid = {FA6D6CD6-0786-463C-8395-90467E8AD8E7}
	EndGlobalSection
EndGlobal
